// !$*UTF8*$!
{
	archiveVersion = 1;
	classes = {
	};
	objectVersion = 46;
	objects = {

/* Begin PBXBuildFile section */
		B71A957E1E64053100FDF47B /* Main.storyboard in Resources */ = {isa = PBXBuildFile; fileRef = B71A957D1E64053100FDF47B /* Main.storyboard */; };
		B7BCB5E71E61983F00FB5AA4 /* AppDelegate.swift in Sources */ = {isa = PBXBuildFile; fileRef = B7BCB5E61E61983F00FB5AA4 /* AppDelegate.swift */; };
		B7BCB5E91E61983F00FB5AA4 /* ViewController.swift in Sources */ = {isa = PBXBuildFile; fileRef = B7BCB5E81E61983F00FB5AA4 /* ViewController.swift */; };
		B7BCB5EE1E61983F00FB5AA4 /* Assets.xcassets in Resources */ = {isa = PBXBuildFile; fileRef = B7BCB5ED1E61983F00FB5AA4 /* Assets.xcassets */; };
		B7BCB5F11E61983F00FB5AA4 /* LaunchScreen.storyboard in Resources */ = {isa = PBXBuildFile; fileRef = B7BCB5EF1E61983F00FB5AA4 /* LaunchScreen.storyboard */; };
		B7BCB5FC1E61984000FB5AA4 /* UIBezierPathAND_CAShapeLayerTests.swift in Sources */ = {isa = PBXBuildFile; fileRef = B7BCB5FB1E61984000FB5AA4 /* UIBezierPathAND_CAShapeLayerTests.swift */; };
		B7BCB6071E61984000FB5AA4 /* UIBezierPathAND_CAShapeLayerUITests.swift in Sources */ = {isa = PBXBuildFile; fileRef = B7BCB6061E61984000FB5AA4 /* UIBezierPathAND_CAShapeLayerUITests.swift */; };
/* End PBXBuildFile section */

/* Begin PBXContainerItemProxy section */
		B7BCB5F81E61984000FB5AA4 /* PBXContainerItemProxy */ = {
			isa = PBXContainerItemProxy;
			containerPortal = B7BCB5DB1E61983E00FB5AA4 /* Project object */;
			proxyType = 1;
			remoteGlobalIDString = B7BCB5E21E61983F00FB5AA4;
			remoteInfo = "UIBezierPathAND CAShapeLayer";
		};
		B7BCB6031E61984000FB5AA4 /* PBXContainerItemProxy */ = {
			isa = PBXContainerItemProxy;
			containerPortal = B7BCB5DB1E61983E00FB5AA4 /* Project object */;
			proxyType = 1;
			remoteGlobalIDString = B7BCB5E21E61983F00FB5AA4;
			remoteInfo = "UIBezierPathAND CAShapeLayer";
		};
/* End PBXContainerItemProxy section */

/* Begin PBXFileReference section */
		B71A957D1E64053100FDF47B /* Main.storyboard */ = {isa = PBXFileReference; fileEncoding = 4; lastKnownFileType = file.storyboard; path = Main.storyboard; sourceTree = "<group>"; };
		B7BCB5E31E61983F00FB5AA4 /* UIBezierPathAND CAShapeLayer.app */ = {isa = PBXFileReference; explicitFileType = wrapper.application; includeInIndex = 0; path = "UIBezierPathAND CAShapeLayer.app"; sourceTree = BUILT_PRODUCTS_DIR; };
		B7BCB5E61E61983F00FB5AA4 /* AppDelegate.swift */ = {isa = PBXFileReference; lastKnownFileType = sourcecode.swift; path = AppDelegate.swift; sourceTree = "<group>"; };
		B7BCB5E81E61983F00FB5AA4 /* ViewController.swift */ = {isa = PBXFileReference; lastKnownFileType = sourcecode.swift; path = ViewController.swift; sourceTree = "<group>"; };
		B7BCB5ED1E61983F00FB5AA4 /* Assets.xcassets */ = {isa = PBXFileReference; lastKnownFileType = folder.assetcatalog; path = Assets.xcassets; sourceTree = "<group>"; };
		B7BCB5F01E61983F00FB5AA4 /* Base */ = {isa = PBXFileReference; lastKnownFileType = file.storyboard; name = Base; path = Base.lproj/LaunchScreen.storyboard; sourceTree = "<group>"; };
		B7BCB5F21E61984000FB5AA4 /* Info.plist */ = {isa = PBXFileReference; lastKnownFileType = text.plist.xml; path = Info.plist; sourceTree = "<group>"; };
		B7BCB5F71E61984000FB5AA4 /* UIBezierPathAND CAShapeLayerTests.xctest */ = {isa = PBXFileReference; explicitFileType = wrapper.cfbundle; includeInIndex = 0; path = "UIBezierPathAND CAShapeLayerTests.xctest"; sourceTree = BUILT_PRODUCTS_DIR; };
		B7BCB5FB1E61984000FB5AA4 /* UIBezierPathAND_CAShapeLayerTests.swift */ = {isa = PBXFileReference; lastKnownFileType = sourcecode.swift; path = UIBezierPathAND_CAShapeLayerTests.swift; sourceTree = "<group>"; };
		B7BCB5FD1E61984000FB5AA4 /* Info.plist */ = {isa = PBXFileReference; lastKnownFileType = text.plist.xml; path = Info.plist; sourceTree = "<group>"; };
		B7BCB6021E61984000FB5AA4 /* UIBezierPathAND CAShapeLayerUITests.xctest */ = {isa = PBXFileReference; explicitFileType = wrapper.cfbundle; includeInIndex = 0; path = "UIBezierPathAND CAShapeLayerUITests.xctest"; sourceTree = BUILT_PRODUCTS_DIR; };
		B7BCB6061E61984000FB5AA4 /* UIBezierPathAND_CAShapeLayerUITests.swift */ = {isa = PBXFileReference; lastKnownFileType = sourcecode.swift; path = UIBezierPathAND_CAShapeLayerUITests.swift; sourceTree = "<group>"; };
		B7BCB6081E61984000FB5AA4 /* Info.plist */ = {isa = PBXFileReference; lastKnownFileType = text.plist.xml; path = Info.plist; sourceTree = "<group>"; };
/* End PBXFileReference section */

/* Begin PBXFrameworksBuildPhase section */
		B7BCB5E01E61983F00FB5AA4 /* Frameworks */ = {
			isa = PBXFrameworksBuildPhase;
			buildActionMask = 2147483647;
			files = (
			);
			runOnlyForDeploymentPostprocessing = 0;
		};
		B7BCB5F41E61984000FB5AA4 /* Frameworks */ = {
			isa = PBXFrameworksBuildPhase;
			buildActionMask = 2147483647;
			files = (
			);
			runOnlyForDeploymentPostprocessing = 0;
		};
		B7BCB5FF1E61984000FB5AA4 /* Frameworks */ = {
			isa = PBXFrameworksBuildPhase;
			buildActionMask = 2147483647;
			files = (
			);
			runOnlyForDeploymentPostprocessing = 0;
		};
/* End PBXFrameworksBuildPhase section */

/* Begin PBXGroup section */
		B7BCB5DA1E61983E00FB5AA4 = {
			isa = PBXGroup;
			children = (
				B7BCB5E51E61983F00FB5AA4 /* UIBezierPathAND CAShapeLayer */,
				B7BCB5FA1E61984000FB5AA4 /* UIBezierPathAND CAShapeLayerTests */,
				B7BCB6051E61984000FB5AA4 /* UIBezierPathAND CAShapeLayerUITests */,
				B7BCB5E41E61983F00FB5AA4 /* Products */,
			);
			sourceTree = "<group>";
		};
		B7BCB5E41E61983F00FB5AA4 /* Products */ = {
			isa = PBXGroup;
			children = (
				B7BCB5E31E61983F00FB5AA4 /* UIBezierPathAND CAShapeLayer.app */,
				B7BCB5F71E61984000FB5AA4 /* UIBezierPathAND CAShapeLayerTests.xctest */,
				B7BCB6021E61984000FB5AA4 /* UIBezierPathAND CAShapeLayerUITests.xctest */,
			);
			name = Products;
			sourceTree = "<group>";
		};
		B7BCB5E51E61983F00FB5AA4 /* UIBezierPathAND CAShapeLayer */ = {
			isa = PBXGroup;
			children = (
				B7BCB5E61E61983F00FB5AA4 /* AppDelegate.swift */,
				B7BCB5E81E61983F00FB5AA4 /* ViewController.swift */,
				B71A957D1E64053100FDF47B /* Main.storyboard */,
				B7BCB5ED1E61983F00FB5AA4 /* Assets.xcassets */,
				B7BCB5EF1E61983F00FB5AA4 /* LaunchScreen.storyboard */,
				B7BCB5F21E61984000FB5AA4 /* Info.plist */,
			);
			path = "UIBezierPathAND CAShapeLayer";
			sourceTree = "<group>";
		};
		B7BCB5FA1E61984000FB5AA4 /* UIBezierPathAND CAShapeLayerTests */ = {
			isa = PBXGroup;
			children = (
				B7BCB5FB1E61984000FB5AA4 /* UIBezierPathAND_CAShapeLayerTests.swift */,
				B7BCB5FD1E61984000FB5AA4 /* Info.plist */,
			);
			path = "UIBezierPathAND CAShapeLayerTests";
			sourceTree = "<group>";
		};
		B7BCB6051E61984000FB5AA4 /* UIBezierPathAND CAShapeLayerUITests */ = {
			isa = PBXGroup;
			children = (
				B7BCB6061E61984000FB5AA4 /* UIBezierPathAND_CAShapeLayerUITests.swift */,
				B7BCB6081E61984000FB5AA4 /* Info.plist */,
			);
			path = "UIBezierPathAND CAShapeLayerUITests";
			sourceTree = "<group>";
		};
/* End PBXGroup section */

/* Begin PBXNativeTarget section */
		B7BCB5E21E61983F00FB5AA4 /* UIBezierPathAND CAShapeLayer */ = {
			isa = PBXNativeTarget;
			buildConfigurationList = B7BCB60B1E61984000FB5AA4 /* Build configuration list for PBXNativeTarget "UIBezierPathAND CAShapeLayer" */;
			buildPhases = (
				B7BCB5DF1E61983F00FB5AA4 /* Sources */,
				B7BCB5E01E61983F00FB5AA4 /* Frameworks */,
				B7BCB5E11E61983F00FB5AA4 /* Resources */,
			);
			buildRules = (
			);
			dependencies = (
			);
			name = "UIBezierPathAND CAShapeLayer";
			productName = "UIBezierPathAND CAShapeLayer";
			productReference = B7BCB5E31E61983F00FB5AA4 /* UIBezierPathAND CAShapeLayer.app */;
			productType = "com.apple.product-type.application";
		};
		B7BCB5F61E61984000FB5AA4 /* UIBezierPathAND CAShapeLayerTests */ = {
			isa = PBXNativeTarget;
			buildConfigurationList = B7BCB60E1E61984000FB5AA4 /* Build configuration list for PBXNativeTarget "UIBezierPathAND CAShapeLayerTests" */;
			buildPhases = (
				B7BCB5F31E61984000FB5AA4 /* Sources */,
				B7BCB5F41E61984000FB5AA4 /* Frameworks */,
				B7BCB5F51E61984000FB5AA4 /* Resources */,
			);
			buildRules = (
			);
			dependencies = (
				B7BCB5F91E61984000FB5AA4 /* PBXTargetDependency */,
			);
			name = "UIBezierPathAND CAShapeLayerTests";
			productName = "UIBezierPathAND CAShapeLayerTests";
			productReference = B7BCB5F71E61984000FB5AA4 /* UIBezierPathAND CAShapeLayerTests.xctest */;
			productType = "com.apple.product-type.bundle.unit-test";
		};
		B7BCB6011E61984000FB5AA4 /* UIBezierPathAND CAShapeLayerUITests */ = {
			isa = PBXNativeTarget;
			buildConfigurationList = B7BCB6111E61984000FB5AA4 /* Build configuration list for PBXNativeTarget "UIBezierPathAND CAShapeLayerUITests" */;
			buildPhases = (
				B7BCB5FE1E61984000FB5AA4 /* Sources */,
				B7BCB5FF1E61984000FB5AA4 /* Frameworks */,
				B7BCB6001E61984000FB5AA4 /* Resources */,
			);
			buildRules = (
			);
			dependencies = (
				B7BCB6041E61984000FB5AA4 /* PBXTargetDependency */,
			);
			name = "UIBezierPathAND CAShapeLayerUITests";
			productName = "UIBezierPathAND CAShapeLayerUITests";
			productReference = B7BCB6021E61984000FB5AA4 /* UIBezierPathAND CAShapeLayerUITests.xctest */;
			productType = "com.apple.product-type.bundle.ui-testing";
		};
/* End PBXNativeTarget section */

/* Begin PBXProject section */
		B7BCB5DB1E61983E00FB5AA4 /* Project object */ = {
			isa = PBXProject;
			attributes = {
				LastSwiftUpdateCheck = 0820;
				LastUpgradeCheck = 0820;
				ORGANIZATIONNAME = Kevin;
				TargetAttributes = {
					B7BCB5E21E61983F00FB5AA4 = {
						CreatedOnToolsVersion = 8.2.1;
						DevelopmentTeam = XLYQHN9P7Z;
						ProvisioningStyle = Automatic;
					};
					B7BCB5F61E61984000FB5AA4 = {
						CreatedOnToolsVersion = 8.2.1;
						DevelopmentTeam = XLYQHN9P7Z;
						ProvisioningStyle = Automatic;
						TestTargetID = B7BCB5E21E61983F00FB5AA4;
					};
					B7BCB6011E61984000FB5AA4 = {
						CreatedOnToolsVersion = 8.2.1;
						DevelopmentTeam = XLYQHN9P7Z;
						ProvisioningStyle = Automatic;
						TestTargetID = B7BCB5E21E61983F00FB5AA4;
					};
				};
			};
			buildConfigurationList = B7BCB5DE1E61983E00FB5AA4 /* Build configuration list for PBXProject "UIBezierPathAND CAShapeLayer" */;
			compatibilityVersion = "Xcode 3.2";
			developmentRegion = English;
			hasScannedForEncodings = 0;
			knownRegions = (
				en,
				Base,
			);
			mainGroup = B7BCB5DA1E61983E00FB5AA4;
			productRefGroup = B7BCB5E41E61983F00FB5AA4 /* Products */;
			projectDirPath = "";
			projectRoot = "";
			targets = (
				B7BCB5E21E61983F00FB5AA4 /* UIBezierPathAND CAShapeLayer */,
				B7BCB5F61E61984000FB5AA4 /* UIBezierPathAND CAShapeLayerTests */,
				B7BCB6011E61984000FB5AA4 /* UIBezierPathAND CAShapeLayerUITests */,
			);
		};
/* End PBXProject section */

/* Begin PBXResourcesBuildPhase section */
		B7BCB5E11E61983F00FB5AA4 /* Resources */ = {
			isa = PBXResourcesBuildPhase;
			buildActionMask = 2147483647;
			files = (
				B71A957E1E64053100FDF47B /* Main.storyboard in Resources */,
				B7BCB5F11E61983F00FB5AA4 /* LaunchScreen.storyboard in Resources */,
				B7BCB5EE1E61983F00FB5AA4 /* Assets.xcassets in Resources */,
			);
			runOnlyForDeploymentPostprocessing = 0;
		};
		B7BCB5F51E61984000FB5AA4 /* Resources */ = {
			isa = PBXResourcesBuildPhase;
			buildActionMask = 2147483647;
			files = (
			);
			runOnlyForDeploymentPostprocessing = 0;
		};
		B7BCB6001E61984000FB5AA4 /* Resources */ = {
			isa = PBXResourcesBuildPhase;
			buildActionMask = 2147483647;
			files = (
			);
			runOnlyForDeploymentPostprocessing = 0;
		};
/* End PBXResourcesBuildPhase section */

/* Begin PBXSourcesBuildPhase section */
		B7BCB5DF1E61983F00FB5AA4 /* Sources */ = {
			isa = PBXSourcesBuildPhase;
			buildActionMask = 2147483647;
			files = (
				B7BCB5E91E61983F00FB5AA4 /* ViewController.swift in Sources */,
				B7BCB5E71E61983F00FB5AA4 /* AppDelegate.swift in Sources */,
			);
			runOnlyForDeploymentPostprocessing = 0;
		};
		B7BCB5F31E61984000FB5AA4 /* Sources */ = {
			isa = PBXSourcesBuildPhase;
			buildActionMask = 2147483647;
			files = (
				B7BCB5FC1E61984000FB5AA4 /* UIBezierPathAND_CAShapeLayerTests.swift in Sources */,
			);
			runOnlyForDeploymentPostprocessing = 0;
		};
		B7BCB5FE1E61984000FB5AA4 /* Sources */ = {
			isa = PBXSourcesBuildPhase;
			buildActionMask = 2147483647;
			files = (
				B7BCB6071E61984000FB5AA4 /* UIBezierPathAND_CAShapeLayerUITests.swift in Sources */,
			);
			runOnlyForDeploymentPostprocessing = 0;
		};
/* End PBXSourcesBuildPhase section */

/* Begin PBXTargetDependency section */
		B7BCB5F91E61984000FB5AA4 /* PBXTargetDependency */ = {
			isa = PBXTargetDependency;
			target = B7BCB5E21E61983F00FB5AA4 /* UIBezierPathAND CAShapeLayer */;
			targetProxy = B7BCB5F81E61984000FB5AA4 /* PBXContainerItemProxy */;
		};
		B7BCB6041E61984000FB5AA4 /* PBXTargetDependency */ = {
			isa = PBXTargetDependency;
			target = B7BCB5E21E61983F00FB5AA4 /* UIBezierPathAND CAShapeLayer */;
			targetProxy = B7BCB6031E61984000FB5AA4 /* PBXContainerItemProxy */;
		};
/* End PBXTargetDependency section */

/* Begin PBXVariantGroup section */
		B7BCB5EF1E61983F00FB5AA4 /* LaunchScreen.storyboard */ = {
			isa = PBXVariantGroup;
			children = (
				B7BCB5F01E61983F00FB5AA4 /* Base */,
			);
			name = LaunchScreen.storyboard;
			sourceTree = "<group>";
		};
/* End PBXVariantGroup section */

/* Begin XCBuildConfiguration section */
		B7BCB6091E61984000FB5AA4 /* Debug */ = {
			isa = XCBuildConfiguration;
			buildSettings = {
				ALWAYS_SEARCH_USER_PATHS = NO;
				CLANG_ANALYZER_NONNULL = YES;
				CLANG_CXX_LANGUAGE_STANDARD = "gnu++0x";
				CLANG_CXX_LIBRARY = "libc++";
				CLANG_ENABLE_MODULES = YES;
				CLANG_ENABLE_OBJC_ARC = YES;
				CLANG_WARN_BOOL_CONVERSION = YES;
				CLANG_WARN_CONSTANT_CONVERSION = YES;
				CLANG_WARN_DIRECT_OBJC_ISA_USAGE = YES_ERROR;
				CLANG_WARN_DOCUMENTATION_COMMENTS = YES;
				CLANG_WARN_EMPTY_BODY = YES;
				CLANG_WARN_ENUM_CONVERSION = YES;
				CLANG_WARN_INFINITE_RECURSION = YES;
				CLANG_WARN_INT_CONVERSION = YES;
				CLANG_WARN_OBJC_ROOT_CLASS = YES_ERROR;
				CLANG_WARN_SUSPICIOUS_MOVE = YES;
				CLANG_WARN_UNREACHABLE_CODE = YES;
				CLANG_WARN__DUPLICATE_METHOD_MATCH = YES;
				"CODE_SIGN_IDENTITY[sdk=iphoneos*]" = "iPhone Developer";
				COPY_PHASE_STRIP = NO;
				DEBUG_INFORMATION_FORMAT = dwarf;
				ENABLE_STRICT_OBJC_MSGSEND = YES;
				ENABLE_TESTABILITY = YES;
				GCC_C_LANGUAGE_STANDARD = gnu99;
				GCC_DYNAMIC_NO_PIC = NO;
				GCC_NO_COMMON_BLOCKS = YES;
				GCC_OPTIMIZATION_LEVEL = 0;
				GCC_PREPROCESSOR_DEFINITIONS = (
					"DEBUG=1",
					"$(inherited)",
				);
				GCC_WARN_64_TO_32_BIT_CONVERSION = YES;
				GCC_WARN_ABOUT_RETURN_TYPE = YES_ERROR;
				GCC_WARN_UNDECLARED_SELECTOR = YES;
				GCC_WARN_UNINITIALIZED_AUTOS = YES_AGGRESSIVE;
				GCC_WARN_UNUSED_FUNCTION = YES;
				GCC_WARN_UNUSED_VARIABLE = YES;
				IPHONEOS_DEPLOYMENT_TARGET = 10.2;
				MTL_ENABLE_DEBUG_INFO = YES;
				ONLY_ACTIVE_ARCH = YES;
				SDKROOT = iphoneos;
				SWIFT_ACTIVE_COMPILATION_CONDITIONS = DEBUG;
				SWIFT_OPTIMIZATION_LEVEL = "-Onone";
				TARGETED_DEVICE_FAMILY = "1,2";
			};
			name = Debug;
		};
		B7BCB60A1E61984000FB5AA4 /* Release */ = {
			isa = XCBuildConfiguration;
			buildSettings = {
				ALWAYS_SEARCH_USER_PATHS = NO;
				CLANG_ANALYZER_NONNULL = YES;
				CLANG_CXX_LANGUAGE_STANDARD = "gnu++0x";
				CLANG_CXX_LIBRARY = "libc++";
				CLANG_ENABLE_MODULES = YES;
				CLANG_ENABLE_OBJC_ARC = YES;
				CLANG_WARN_BOOL_CONVERSION = YES;
				CLANG_WARN_CONSTANT_CONVERSION = YES;
				CLANG_WARN_DIRECT_OBJC_ISA_USAGE = YES_ERROR;
				CLANG_WARN_DOCUMENTATION_COMMENTS = YES;
				CLANG_WARN_EMPTY_BODY = YES;
				CLANG_WARN_ENUM_CONVERSION = YES;
				CLANG_WARN_INFINITE_RECURSION = YES;
				CLANG_WARN_INT_CONVERSION = YES;
				CLANG_WARN_OBJC_ROOT_CLASS = YES_ERROR;
				CLANG_WARN_SUSPICIOUS_MOVE = YES;
				CLANG_WARN_UNREACHABLE_CODE = YES;
				CLANG_WARN__DUPLICATE_METHOD_MATCH = YES;
				"CODE_SIGN_IDENTITY[sdk=iphoneos*]" = "iPhone Developer";
				COPY_PHASE_STRIP = NO;
				DEBUG_INFORMATION_FORMAT = "dwarf-with-dsym";
				ENABLE_NS_ASSERTIONS = NO;
				ENABLE_STRICT_OBJC_MSGSEND = YES;
				GCC_C_LANGUAGE_STANDARD = gnu99;
				GCC_NO_COMMON_BLOCKS = YES;
				GCC_WARN_64_TO_32_BIT_CONVERSION = YES;
				GCC_WARN_ABOUT_RETURN_TYPE = YES_ERROR;
				GCC_WARN_UNDECLARED_SELECTOR = YES;
				GCC_WARN_UNINITIALIZED_AUTOS = YES_AGGRESSIVE;
				GCC_WARN_UNUSED_FUNCTION = YES;
				GCC_WARN_UNUSED_VARIABLE = YES;
				IPHONEOS_DEPLOYMENT_TARGET = 10.2;
				MTL_ENABLE_DEBUG_INFO = NO;
				SDKROOT = iphoneos;
				SWIFT_OPTIMIZATION_LEVEL = "-Owholemodule";
				TARGETED_DEVICE_FAMILY = "1,2";
				VALIDATE_PRODUCT = YES;
			};
			name = Release;
		};
		B7BCB60C1E61984000FB5AA4 /* Debug */ = {
			isa = XCBuildConfiguration;
			buildSettings = {
				ASSETCATALOG_COMPILER_APPICON_NAME = AppIcon;
				DEVELOPMENT_TEAM = XLYQHN9P7Z;
				INFOPLIST_FILE = "UIBezierPathAND CAShapeLayer/Info.plist";
				LD_RUNPATH_SEARCH_PATHS = "$(inherited) @executable_path/Frameworks";
				PRODUCT_BUNDLE_IDENTIFIER = "com.uzuan.www.UIBezierPathAND-CAShapeLayer";
				PRODUCT_NAME = "$(TARGET_NAME)";
				SWIFT_VERSION = 3.0;
			};
			name = Debug;
		};
		B7BCB60D1E61984000FB5AA4 /* Release */ = {
			isa = XCBuildConfiguration;
			buildSettings = {
				ASSETCATALOG_COMPILER_APPICON_NAME = AppIcon;
				DEVELOPMENT_TEAM = XLYQHN9P7Z;
				INFOPLIST_FILE = "UIBezierPathAND CAShapeLayer/Info.plist";
				LD_RUNPATH_SEARCH_PATHS = "$(inherited) @executable_path/Frameworks";
				PRODUCT_BUNDLE_IDENTIFIER = "com.uzuan.www.UIBezierPathAND-CAShapeLayer";
				PRODUCT_NAME = "$(TARGET_NAME)";
				SWIFT_VERSION = 3.0;
			};
			name = Release;
		};
		B7BCB60F1E61984000FB5AA4 /* Debug */ = {
			isa = XCBuildConfiguration;
			buildSettings = {
				ALWAYS_EMBED_SWIFT_STANDARD_LIBRARIES = YES;
				BUNDLE_LOADER = "$(TEST_HOST)";
				DEVELOPMENT_TEAM = XLYQHN9P7Z;
				INFOPLIST_FILE = "UIBezierPathAND CAShapeLayerTests/Info.plist";
				LD_RUNPATH_SEARCH_PATHS = "$(inherited) @executable_path/Frameworks @loader_path/Frameworks";
				PRODUCT_BUNDLE_IDENTIFIER = "com.uzuan.www.UIBezierPathAND-CAShapeLayerTests";
				PRODUCT_NAME = "$(TARGET_NAME)";
				SWIFT_VERSION = 3.0;
				TEST_HOST = "$(BUILT_PRODUCTS_DIR)/UIBezierPathAND CAShapeLayer.app/UIBezierPathAND CAShapeLayer";
			};
			name = Debug;
		};
		B7BCB6101E61984000FB5AA4 /* Release */ = {
			isa = XCBuildConfiguration;
			buildSettings = {
				ALWAYS_EMBED_SWIFT_STANDARD_LIBRARIES = YES;
				BUNDLE_LOADER = "$(TEST_HOST)";
				DEVELOPMENT_TEAM = XLYQHN9P7Z;
				INFOPLIST_FILE = "UIBezierPathAND CAShapeLayerTests/Info.plist";
				LD_RUNPATH_SEARCH_PATHS = "$(inherited) @executable_path/Frameworks @loader_path/Frameworks";
				PRODUCT_BUNDLE_IDENTIFIER = "com.uzuan.www.UIBezierPathAND-CAShapeLayerTests";
				PRODUCT_NAME = "$(TARGET_NAME)";
				SWIFT_VERSION = 3.0;
				TEST_HOST = "$(BUILT_PRODUCTS_DIR)/UIBezierPathAND CAShapeLayer.app/UIBezierPathAND CAShapeLayer";
			};
			name = Release;
		};
		B7BCB6121E61984000FB5AA4 /* Debug */ = {
			isa = XCBuildConfiguration;
			buildSettings = {
				ALWAYS_EMBED_SWIFT_STANDARD_LIBRARIES = YES;
				DEVELOPMENT_TEAM = XLYQHN9P7Z;
				INFOPLIST_FILE = "UIBezierPathAND CAShapeLayerUITests/Info.plist";
				LD_RUNPATH_SEARCH_PATHS = "$(inherited) @executable_path/Frameworks @loader_path/Frameworks";
				PRODUCT_BUNDLE_IDENTIFIER = "com.uzuan.www.UIBezierPathAND-CAShapeLayerUITests";
				PRODUCT_NAME = "$(TARGET_NAME)";
				SWIFT_VERSION = 3.0;
				TEST_TARGET_NAME = "UIBezierPathAND CAShapeLayer";
			};
			name = Debug;
		};
		B7BCB6131E61984000FB5AA4 /* Release */ = {
			isa = XCBuildConfiguration;
			buildSettings = {
				ALWAYS_EMBED_SWIFT_STANDARD_LIBRARIES = YES;
				DEVELOPMENT_TEAM = XLYQHN9P7Z;
				INFOPLIST_FILE = "UIBezierPathAND CAShapeLayerUITests/Info.plist";
				LD_RUNPATH_SEARCH_PATHS = "$(inherited) @executable_path/Frameworks @loader_path/Frameworks";
				PRODUCT_BUNDLE_IDENTIFIER = "com.uzuan.www.UIBezierPathAND-CAShapeLayerUITests";
				PRODUCT_NAME = "$(TARGET_NAME)";
				SWIFT_VERSION = 3.0;
				TEST_TARGET_NAME = "UIBezierPathAND CAShapeLayer";
			};
			name = Release;
		};
/* End XCBuildConfiguration section */

/* Begin XCConfigurationList section */
		B7BCB5DE1E61983E00FB5AA4 /* Build configuration list for PBXProject "UIBezierPathAND CAShapeLayer" */ = {
			isa = XCConfigurationList;
			buildConfigurations = (
				B7BCB6091E61984000FB5AA4 /* Debug */,
				B7BCB60A1E61984000FB5AA4 /* Release */,
			);
			defaultConfigurationIsVisible = 0;
			defaultConfigurationName = Release;
		};
		B7BCB60B1E61984000FB5AA4 /* Build configuration list for PBXNativeTarget "UIBezierPathAND CAShapeLayer" */ = {
			isa = XCConfigurationList;
			buildConfigurations = (
				B7BCB60C1E61984000FB5AA4 /* Debug */,
				B7BCB60D1E61984000FB5AA4 /* Release */,
			);
			defaultConfigurationIsVisible = 0;
			defaultConfigurationName = Release;
		};
		B7BCB60E1E61984000FB5AA4 /* Build configuration list for PBXNativeTarget "UIBezierPathAND CAShapeLayerTests" */ = {
			isa = XCConfigurationList;
			buildConfigurations = (
				B7BCB60F1E61984000FB5AA4 /* Debug */,
				B7BCB6101E61984000FB5AA4 /* Release */,
			);
			defaultConfigurationIsVisible = 0;
			defaultConfigurationName = Release;
		};
		B7BCB6111E61984000FB5AA4 /* Build configuration list for PBXNativeTarget "UIBezierPathAND CAShapeLayerUITests" */ = {
			isa = XCConfigurationList;
			buildConfigurations = (
				B7BCB6121E61984000FB5AA4 /* Debug */,
				B7BCB6131E61984000FB5AA4 /* Release */,
			);
			defaultConfigurationIsVisible = 0;
			defaultConfigurationName = Release;
		};
/* End XCConfigurationList section */
	};
	rootObject = B7BCB5DB1E61983E00FB5AA4 /* Project object */;
}
